
Microsoft Visual Studio Solution File, Format Version 12.00
# Visual Studio Version 16
VisualStudioVersion = 25.0.1704.4
MinimumVisualStudioVersion = 10.0.40219.1
Project("{FAE04EC0-301F-11D3-BF4B-00C04F79EFBC}") = "cards-coding-challenge", "cards-coding-challenge\cards-coding-challenge.csproj", "{6F27649A-B062-49EE-84C9-9BE4D81EC820}"
EndProject
Project("{FAE04EC0-301F-11D3-BF4B-00C04F79EFBC}") = "cards-test-coding-challenge", "cards-test-coding-challenge\cards-test-coding-challenge.csproj", "{513AD78E-C70E-4467-B687-74F34B74BE2F}"
EndProject
Global
	GlobalSection(SolutionConfigurationPlatforms) = preSolution
		Debug|Any CPU = Debug|Any CPU
		Release|Any CPU = Release|Any CPU
	EndGlobalSection
	GlobalSection(ProjectConfigurationPlatforms) = postSolution
		{6F27649A-B062-49EE-84C9-9BE4D81EC820}.Debug|Any CPU.ActiveCfg = Debug|Any CPU
		{6F27649A-B062-49EE-84C9-9BE4D81EC820}.Debug|Any CPU.Build.0 = Debug|Any CPU
		{6F27649A-B062-49EE-84C9-9BE4D81EC820}.Release|Any CPU.ActiveCfg = Release|Any CPU
		{6F27649A-B062-49EE-84C9-9BE4D81EC820}.Release|Any CPU.Build.0 = Release|Any CPU
		{513AD78E-C70E-4467-B687-74F34B74BE2F}.Debug|Any CPU.ActiveCfg = Debug|Any CPU
		{513AD78E-C70E-4467-B687-74F34B74BE2F}.Debug|Any CPU.Build.0 = Debug|Any CPU
		{513AD78E-C70E-4467-B687-74F34B74BE2F}.Release|Any CPU.ActiveCfg = Release|Any CPU
		{513AD78E-C70E-4467-B687-74F34B74BE2F}.Release|Any CPU.Build.0 = Release|Any CPU
	EndGlobalSection
	GlobalSection(SolutionProperties) = preSolution
		HideSolutionNode = FALSE
	EndGlobalSection
	GlobalSection(ExtensibilityGlobals) = postSolution
		SolutionGuid = {04EFD33B-D48D-45D8-9B1E-0AF6A78F4B9A}
	EndGlobalSection
EndGlobal
